
Microsoft Visual Studio Solution File, Format Version 12.00
# Visual Studio Version 17
VisualStudioVersion = 17.10.35122.118
MinimumVisualStudioVersion = 10.0.40219.1
Project("{FAE04EC0-301F-11D3-BF4B-00C04F79EFBC}") = "TaxCalculationApp", "TaxCalculationApp\TaxCalculationApp.csproj", "{DAE5B528-4C27-4FED-876A-B4C101645D60}"
EndProject
Global
	GlobalSection(SolutionConfigurationPlatforms) = preSolution
		Debug|Any CPU = Debug|Any CPU
		Release|Any CPU = Release|Any CPU
	EndGlobalSection
	GlobalSection(ProjectConfigurationPlatforms) = postSolution
		{DAE5B528-4C27-4FED-876A-B4C101645D60}.Debug|Any CPU.ActiveCfg = Debug|Any CPU
		{DAE5B528-4C27-4FED-876A-B4C101645D60}.Debug|Any CPU.Build.0 = Debug|Any CPU
		{DAE5B528-4C27-4FED-876A-B4C101645D60}.Release|Any CPU.ActiveCfg = Release|Any CPU
		{DAE5B528-4C27-4FED-876A-B4C101645D60}.Release|Any CPU.Build.0 = Release|Any CPU
	EndGlobalSection
	GlobalSection(SolutionProperties) = preSolution
		HideSolutionNode = FALSE
	EndGlobalSection
	GlobalSection(ExtensibilityGlobals) = postSolution
		SolutionGuid = {B3176953-6E7E-449F-B4B6-A6F0F28BABAE}
	EndGlobalSection
EndGlobal
